
Microsoft Visual Studio Solution File, Format Version 12.00
# Visual Studio Version 16
VisualStudioVersion = 16.0.30204.135
MinimumVisualStudioVersion = 10.0.40219.1
Project("{9A19103F-16F7-4668-BE54-9A1E7A4F7556}") = "PhoneStore.WebUI", "PhoneStore.WebUI\PhoneStore.WebUI.csproj", "{40BED689-CF0A-4846-91B9-20190FFCB764}"
EndProject
Project("{9A19103F-16F7-4668-BE54-9A1E7A4F7556}") = "PhoneStore.Domain", "PhoneStore.Domain\PhoneStore.Domain.csproj", "{88E258DD-0DED-402B-B207-5BD9B222EE4D}"
EndProject
Global
	GlobalSection(SolutionConfigurationPlatforms) = preSolution
		Debug|Any CPU = Debug|Any CPU
		Release|Any CPU = Release|Any CPU
	EndGlobalSection
	GlobalSection(ProjectConfigurationPlatforms) = postSolution
		{40BED689-CF0A-4846-91B9-20190FFCB764}.Debug|Any CPU.ActiveCfg = Debug|Any CPU
		{40BED689-CF0A-4846-91B9-20190FFCB764}.Debug|Any CPU.Build.0 = Debug|Any CPU
		{40BED689-CF0A-4846-91B9-20190FFCB764}.Release|Any CPU.ActiveCfg = Release|Any CPU
		{40BED689-CF0A-4846-91B9-20190FFCB764}.Release|Any CPU.Build.0 = Release|Any CPU
		{88E258DD-0DED-402B-B207-5BD9B222EE4D}.Debug|Any CPU.ActiveCfg = Debug|Any CPU
		{88E258DD-0DED-402B-B207-5BD9B222EE4D}.Debug|Any CPU.Build.0 = Debug|Any CPU
		{88E258DD-0DED-402B-B207-5BD9B222EE4D}.Release|Any CPU.ActiveCfg = Release|Any CPU
		{88E258DD-0DED-402B-B207-5BD9B222EE4D}.Release|Any CPU.Build.0 = Release|Any CPU
	EndGlobalSection
	GlobalSection(SolutionProperties) = preSolution
		HideSolutionNode = FALSE
	EndGlobalSection
	GlobalSection(ExtensibilityGlobals) = postSolution
		SolutionGuid = {70EE662A-71B0-47E4-92A4-F1E101A99BDA}
	EndGlobalSection
EndGlobal
